
Microsoft Visual Studio Solution File, Format Version 12.00
# Visual Studio Version 16
VisualStudioVersion = 16.0.30907.101
MinimumVisualStudioVersion = 10.0.40219.1
Project("{2150E333-8FDC-42A3-9474-1A3956D46DE8}") = "KomodoCafe", "KomodoCafe", "{EF026D51-2CAA-4F36-9596-E05E6DF5885C}"
EndProject
Project("{FAE04EC0-301F-11D3-BF4B-00C04F79EFBC}") = "CafeRepo", "MenuItem\CafeRepo.csproj", "{510D8B04-CB3B-4767-B491-400DDFE83D2B}"
EndProject
Project("{FAE04EC0-301F-11D3-BF4B-00C04F79EFBC}") = "MenuTests", "MenuTests\MenuTests.csproj", "{22B9ABDF-141E-45D0-927E-A3E6EF337292}"
EndProject
Project("{FAE04EC0-301F-11D3-BF4B-00C04F79EFBC}") = "CafeMenuConsole", "CafeMenuConsole\CafeMenuConsole.csproj", "{2F645E96-775A-42E4-A014-3FCB9759E5D6}"
EndProject
Global
	GlobalSection(SolutionConfigurationPlatforms) = preSolution
		Debug|Any CPU = Debug|Any CPU
		Release|Any CPU = Release|Any CPU
	EndGlobalSection
	GlobalSection(ProjectConfigurationPlatforms) = postSolution
		{510D8B04-CB3B-4767-B491-400DDFE83D2B}.Debug|Any CPU.ActiveCfg = Debug|Any CPU
		{510D8B04-CB3B-4767-B491-400DDFE83D2B}.Debug|Any CPU.Build.0 = Debug|Any CPU
		{510D8B04-CB3B-4767-B491-400DDFE83D2B}.Release|Any CPU.ActiveCfg = Release|Any CPU
		{510D8B04-CB3B-4767-B491-400DDFE83D2B}.Release|Any CPU.Build.0 = Release|Any CPU
		{22B9ABDF-141E-45D0-927E-A3E6EF337292}.Debug|Any CPU.ActiveCfg = Debug|Any CPU
		{22B9ABDF-141E-45D0-927E-A3E6EF337292}.Debug|Any CPU.Build.0 = Debug|Any CPU
		{22B9ABDF-141E-45D0-927E-A3E6EF337292}.Release|Any CPU.ActiveCfg = Release|Any CPU
		{22B9ABDF-141E-45D0-927E-A3E6EF337292}.Release|Any CPU.Build.0 = Release|Any CPU
		{2F645E96-775A-42E4-A014-3FCB9759E5D6}.Debug|Any CPU.ActiveCfg = Debug|Any CPU
		{2F645E96-775A-42E4-A014-3FCB9759E5D6}.Debug|Any CPU.Build.0 = Debug|Any CPU
		{2F645E96-775A-42E4-A014-3FCB9759E5D6}.Release|Any CPU.ActiveCfg = Release|Any CPU
		{2F645E96-775A-42E4-A014-3FCB9759E5D6}.Release|Any CPU.Build.0 = Release|Any CPU
	EndGlobalSection
	GlobalSection(SolutionProperties) = preSolution
		HideSolutionNode = FALSE
	EndGlobalSection
	GlobalSection(NestedProjects) = preSolution
		{510D8B04-CB3B-4767-B491-400DDFE83D2B} = {EF026D51-2CAA-4F36-9596-E05E6DF5885C}
		{22B9ABDF-141E-45D0-927E-A3E6EF337292} = {EF026D51-2CAA-4F36-9596-E05E6DF5885C}
		{2F645E96-775A-42E4-A014-3FCB9759E5D6} = {EF026D51-2CAA-4F36-9596-E05E6DF5885C}
	EndGlobalSection
	GlobalSection(ExtensibilityGlobals) = postSolution
		SolutionGuid = {B6506F68-4648-4A70-8306-B1F43E026549}
	EndGlobalSection
EndGlobal
