
Microsoft Visual Studio Solution File, Format Version 12.00
# Visual Studio Version 16
VisualStudioVersion = 16.0.30907.101
MinimumVisualStudioVersion = 10.0.40219.1
Project("{FAE04EC0-301F-11D3-BF4B-00C04F79EFBC}") = "MenuItemRepository", "MenuItem\MenuItemRepository.csproj", "{65FF20CE-03AA-4637-ABA6-48597789FF89}"
EndProject
Project("{FAE04EC0-301F-11D3-BF4B-00C04F79EFBC}") = "MenuItemTests", "MenuItemTests\MenuItemTests.csproj", "{387CB85D-A4AE-4ECC-88EA-7FF81025F7B8}"
EndProject
Project("{FAE04EC0-301F-11D3-BF4B-00C04F79EFBC}") = "KomodoCafeConsole", "KomodoCafeConsole\KomodoCafeConsole.csproj", "{FA24E4B8-8F7C-47D0-8177-7E19AA5B6F7C}"
EndProject
Global
	GlobalSection(SolutionConfigurationPlatforms) = preSolution
		Debug|Any CPU = Debug|Any CPU
		Release|Any CPU = Release|Any CPU
	EndGlobalSection
	GlobalSection(ProjectConfigurationPlatforms) = postSolution
		{65FF20CE-03AA-4637-ABA6-48597789FF89}.Debug|Any CPU.ActiveCfg = Debug|Any CPU
		{65FF20CE-03AA-4637-ABA6-48597789FF89}.Debug|Any CPU.Build.0 = Debug|Any CPU
		{65FF20CE-03AA-4637-ABA6-48597789FF89}.Release|Any CPU.ActiveCfg = Release|Any CPU
		{65FF20CE-03AA-4637-ABA6-48597789FF89}.Release|Any CPU.Build.0 = Release|Any CPU
		{387CB85D-A4AE-4ECC-88EA-7FF81025F7B8}.Debug|Any CPU.ActiveCfg = Debug|Any CPU
		{387CB85D-A4AE-4ECC-88EA-7FF81025F7B8}.Debug|Any CPU.Build.0 = Debug|Any CPU
		{387CB85D-A4AE-4ECC-88EA-7FF81025F7B8}.Release|Any CPU.ActiveCfg = Release|Any CPU
		{387CB85D-A4AE-4ECC-88EA-7FF81025F7B8}.Release|Any CPU.Build.0 = Release|Any CPU
		{FA24E4B8-8F7C-47D0-8177-7E19AA5B6F7C}.Debug|Any CPU.ActiveCfg = Debug|Any CPU
		{FA24E4B8-8F7C-47D0-8177-7E19AA5B6F7C}.Debug|Any CPU.Build.0 = Debug|Any CPU
		{FA24E4B8-8F7C-47D0-8177-7E19AA5B6F7C}.Release|Any CPU.ActiveCfg = Release|Any CPU
		{FA24E4B8-8F7C-47D0-8177-7E19AA5B6F7C}.Release|Any CPU.Build.0 = Release|Any CPU
	EndGlobalSection
	GlobalSection(SolutionProperties) = preSolution
		HideSolutionNode = FALSE
	EndGlobalSection
	GlobalSection(ExtensibilityGlobals) = postSolution
		SolutionGuid = {B6506F68-4648-4A70-8306-B1F43E026549}
	EndGlobalSection
EndGlobal
